
Microsoft Visual Studio Solution File, Format Version 12.00
# Visual Studio Version 17
VisualStudioVersion = 17.4.33213.308
MinimumVisualStudioVersion = 10.0.40219.1
Project("{FAE04EC0-301F-11D3-BF4B-00C04F79EFBC}") = "l1_Library", "l1_Library\l1_Library.csproj", "{18D880A6-4DC7-41DC-A895-B5F5F2FB654D}"
EndProject
Global
	GlobalSection(SolutionConfigurationPlatforms) = preSolution
		Debug|Any CPU = Debug|Any CPU
		Release|Any CPU = Release|Any CPU
	EndGlobalSection
	GlobalSection(ProjectConfigurationPlatforms) = postSolution
		{18D880A6-4DC7-41DC-A895-B5F5F2FB654D}.Debug|Any CPU.ActiveCfg = Debug|Any CPU
		{18D880A6-4DC7-41DC-A895-B5F5F2FB654D}.Debug|Any CPU.Build.0 = Debug|Any CPU
		{18D880A6-4DC7-41DC-A895-B5F5F2FB654D}.Release|Any CPU.ActiveCfg = Release|Any CPU
		{18D880A6-4DC7-41DC-A895-B5F5F2FB654D}.Release|Any CPU.Build.0 = Release|Any CPU
	EndGlobalSection
	GlobalSection(SolutionProperties) = preSolution
		HideSolutionNode = FALSE
	EndGlobalSection
	GlobalSection(ExtensibilityGlobals) = postSolution
		SolutionGuid = {12C5A502-6278-4641-98D5-A076A992BF06}
	EndGlobalSection
EndGlobal
