
Microsoft Visual Studio Solution File, Format Version 12.00
# Visual Studio Version 17
VisualStudioVersion = 17.5.33424.131
MinimumVisualStudioVersion = 10.0.40219.1
Project("{FAE04EC0-301F-11D3-BF4B-00C04F79EFBC}") = "l6_Library_EF", "l6_Library_EF\l6_Library_EF.csproj", "{A9FC89B4-9E60-47B1-863E-146B161E8311}"
EndProject
Global
	GlobalSection(SolutionConfigurationPlatforms) = preSolution
		Debug|Any CPU = Debug|Any CPU
		Release|Any CPU = Release|Any CPU
	EndGlobalSection
	GlobalSection(ProjectConfigurationPlatforms) = postSolution
		{A9FC89B4-9E60-47B1-863E-146B161E8311}.Debug|Any CPU.ActiveCfg = Debug|Any CPU
		{A9FC89B4-9E60-47B1-863E-146B161E8311}.Debug|Any CPU.Build.0 = Debug|Any CPU
		{A9FC89B4-9E60-47B1-863E-146B161E8311}.Release|Any CPU.ActiveCfg = Release|Any CPU
		{A9FC89B4-9E60-47B1-863E-146B161E8311}.Release|Any CPU.Build.0 = Release|Any CPU
	EndGlobalSection
	GlobalSection(SolutionProperties) = preSolution
		HideSolutionNode = FALSE
	EndGlobalSection
	GlobalSection(ExtensibilityGlobals) = postSolution
		SolutionGuid = {1C258B9C-BDE7-44BE-B2B2-57A666A6C00B}
	EndGlobalSection
EndGlobal
