
Microsoft Visual Studio Solution File, Format Version 12.00
# Visual Studio Version 17
VisualStudioVersion = 17.5.33502.453
MinimumVisualStudioVersion = 10.0.40219.1
Project("{FAE04EC0-301F-11D3-BF4B-00C04F79EFBC}") = "l8_Game_Migration", "l8_Game_Migration.csproj", "{FA6D73C4-6BCE-4333-BF95-C188E0F5FFAF}"
EndProject
Global
	GlobalSection(SolutionConfigurationPlatforms) = preSolution
		Debug|Any CPU = Debug|Any CPU
		Release|Any CPU = Release|Any CPU
	EndGlobalSection
	GlobalSection(ProjectConfigurationPlatforms) = postSolution
		{FA6D73C4-6BCE-4333-BF95-C188E0F5FFAF}.Debug|Any CPU.ActiveCfg = Debug|Any CPU
		{FA6D73C4-6BCE-4333-BF95-C188E0F5FFAF}.Debug|Any CPU.Build.0 = Debug|Any CPU
		{FA6D73C4-6BCE-4333-BF95-C188E0F5FFAF}.Release|Any CPU.ActiveCfg = Release|Any CPU
		{FA6D73C4-6BCE-4333-BF95-C188E0F5FFAF}.Release|Any CPU.Build.0 = Release|Any CPU
	EndGlobalSection
	GlobalSection(SolutionProperties) = preSolution
		HideSolutionNode = FALSE
	EndGlobalSection
	GlobalSection(ExtensibilityGlobals) = postSolution
		SolutionGuid = {B6F601B4-9466-46A5-BC54-FD7533EAFE66}
	EndGlobalSection
EndGlobal
